// !$*UTF8*$!
{
	archiveVersion = 1;
	classes = {
	};
	objectVersion = 56;
	objects = {

/* Begin PBXBuildFile section */
		2454CB332A32DE1400D693A3 /* ScrumdingerApp.swift in Sources */ = {isa = PBXBuildFile; fileRef = 2454CB322A32DE1400D693A3 /* ScrumdingerApp.swift */; };
		2454CB352A32DE1400D693A3 /* MeetingView.swift in Sources */ = {isa = PBXBuildFile; fileRef = 2454CB342A32DE1400D693A3 /* MeetingView.swift */; };
		2454CB372A32DE1500D693A3 /* Assets.xcassets in Resources */ = {isa = PBXBuildFile; fileRef = 2454CB362A32DE1500D693A3 /* Assets.xcassets */; };
		2454CB3A2A32DE1500D693A3 /* Preview Assets.xcassets in Resources */ = {isa = PBXBuildFile; fileRef = 2454CB392A32DE1500D693A3 /* Preview Assets.xcassets */; };
		2454CB442A32DE1600D693A3 /* ScrumdingerTests.swift in Sources */ = {isa = PBXBuildFile; fileRef = 2454CB432A32DE1600D693A3 /* ScrumdingerTests.swift */; };
		2454CB4E2A32DE1600D693A3 /* ScrumdingerUITests.swift in Sources */ = {isa = PBXBuildFile; fileRef = 2454CB4D2A32DE1600D693A3 /* ScrumdingerUITests.swift */; };
		2454CB502A32DE1600D693A3 /* ScrumdingerUITestsLaunchTests.swift in Sources */ = {isa = PBXBuildFile; fileRef = 2454CB4F2A32DE1600D693A3 /* ScrumdingerUITestsLaunchTests.swift */; };
		2454CB5E2A3825B300D693A3 /* Theme.swift in Sources */ = {isa = PBXBuildFile; fileRef = 2454CB5D2A3825B300D693A3 /* Theme.swift */; };
		2454CB612A38268100D693A3 /* DailyScrum.swift in Sources */ = {isa = PBXBuildFile; fileRef = 2454CB602A38268100D693A3 /* DailyScrum.swift */; };
		2454CB632A39339000D693A3 /* CardView.swift in Sources */ = {isa = PBXBuildFile; fileRef = 2454CB622A39339000D693A3 /* CardView.swift */; };
		2454CB652A3949CA00D693A3 /* TrailingIconLabelStyle.swift in Sources */ = {isa = PBXBuildFile; fileRef = 2454CB642A3949CA00D693A3 /* TrailingIconLabelStyle.swift */; };
		2454CB672A394ED000D693A3 /* ScrumsView.swift in Sources */ = {isa = PBXBuildFile; fileRef = 2454CB662A394ED000D693A3 /* ScrumsView.swift */; };
		2454CB6A2A3957A300D693A3 /* DetailView.swift in Sources */ = {isa = PBXBuildFile; fileRef = 2454CB692A3957A300D693A3 /* DetailView.swift */; };
		2454CB6C2A39759400D693A3 /* DetailEditView.swift in Sources */ = {isa = PBXBuildFile; fileRef = 2454CB6B2A39759400D693A3 /* DetailEditView.swift */; };
		2454CB6E2A39888000D693A3 /* ThemeView.swift in Sources */ = {isa = PBXBuildFile; fileRef = 2454CB6D2A39888000D693A3 /* ThemeView.swift */; };
		2454CB702A398A8D00D693A3 /* ThemePicker.swift in Sources */ = {isa = PBXBuildFile; fileRef = 2454CB6F2A398A8D00D693A3 /* ThemePicker.swift */; };
		2454CB722A3A8AEC00D693A3 /* MeetingHeaderView.swift in Sources */ = {isa = PBXBuildFile; fileRef = 2454CB712A3A8AEC00D693A3 /* MeetingHeaderView.swift */; };
		2454CB742A3A8F0C00D693A3 /* ScrumProgressViewStyle.swift in Sources */ = {isa = PBXBuildFile; fileRef = 2454CB732A3A8F0C00D693A3 /* ScrumProgressViewStyle.swift */; };
		2454CB762A3A968300D693A3 /* ScrumTimer.swift in Sources */ = {isa = PBXBuildFile; fileRef = 2454CB752A3A968300D693A3 /* ScrumTimer.swift */; };
		2454CB792A3BE9AD00D693A3 /* MeetingFooterView.swift in Sources */ = {isa = PBXBuildFile; fileRef = 2454CB782A3BE9AD00D693A3 /* MeetingFooterView.swift */; };
		2454CB7C2A3FC85700D693A3 /* ding.wav in Resources */ = {isa = PBXBuildFile; fileRef = 2454CB7B2A3FC85700D693A3 /* ding.wav */; };
		2454CB7E2A3FC88100D693A3 /* AVPlayer+Ding.swift in Sources */ = {isa = PBXBuildFile; fileRef = 2454CB7D2A3FC88100D693A3 /* AVPlayer+Ding.swift */; };
		2454CB802A3FD95A00D693A3 /* NewScrumSheet.swift in Sources */ = {isa = PBXBuildFile; fileRef = 2454CB7F2A3FD95A00D693A3 /* NewScrumSheet.swift */; };
		2454CB822A3FDC3900D693A3 /* History.swift in Sources */ = {isa = PBXBuildFile; fileRef = 2454CB812A3FDC3900D693A3 /* History.swift */; };
		2454CB842A3FEB4A00D693A3 /* ScrumStore.swift in Sources */ = {isa = PBXBuildFile; fileRef = 2454CB832A3FEB4A00D693A3 /* ScrumStore.swift */; };
		2454CB862A3FF4D600D693A3 /* ErrorWrapper.swift in Sources */ = {isa = PBXBuildFile; fileRef = 2454CB852A3FF4D600D693A3 /* ErrorWrapper.swift */; };
		2454CB882A3FF5DE00D693A3 /* ErrorView.swift in Sources */ = {isa = PBXBuildFile; fileRef = 2454CB872A3FF5DE00D693A3 /* ErrorView.swift */; };
		2454CB8A2A400E7300D693A3 /* MeetingTimerView.swift in Sources */ = {isa = PBXBuildFile; fileRef = 2454CB892A400E7300D693A3 /* MeetingTimerView.swift */; };
		2454CB8C2A4010F500D693A3 /* SpeakerArc.swift in Sources */ = {isa = PBXBuildFile; fileRef = 2454CB8B2A4010F500D693A3 /* SpeakerArc.swift */; };
		24A6EB542A401F2E00FA20CF /* SpeechRecognizer.swift in Sources */ = {isa = PBXBuildFile; fileRef = 24A6EB532A401F2E00FA20CF /* SpeechRecognizer.swift */; };
		24A6EB562A4168F200FA20CF /* HistoryView.swift in Sources */ = {isa = PBXBuildFile; fileRef = 24A6EB552A4168F200FA20CF /* HistoryView.swift */; };
/* End PBXBuildFile section */

/* Begin PBXContainerItemProxy section */
		2454CB402A32DE1600D693A3 /* PBXContainerItemProxy */ = {
			isa = PBXContainerItemProxy;
			containerPortal = 2454CB272A32DE1400D693A3 /* Project object */;
			proxyType = 1;
			remoteGlobalIDString = 2454CB2E2A32DE1400D693A3;
			remoteInfo = Scrumdinger;
		};
		2454CB4A2A32DE1600D693A3 /* PBXContainerItemProxy */ = {
			isa = PBXContainerItemProxy;
			containerPortal = 2454CB272A32DE1400D693A3 /* Project object */;
			proxyType = 1;
			remoteGlobalIDString = 2454CB2E2A32DE1400D693A3;
			remoteInfo = Scrumdinger;
		};
/* End PBXContainerItemProxy section */

/* Begin PBXFileReference section */
		2454CB2F2A32DE1400D693A3 /* Scrumdinger.app */ = {isa = PBXFileReference; explicitFileType = wrapper.application; includeInIndex = 0; path = Scrumdinger.app; sourceTree = BUILT_PRODUCTS_DIR; };
		2454CB322A32DE1400D693A3 /* ScrumdingerApp.swift */ = {isa = PBXFileReference; lastKnownFileType = sourcecode.swift; path = ScrumdingerApp.swift; sourceTree = "<group>"; };
		2454CB342A32DE1400D693A3 /* MeetingView.swift */ = {isa = PBXFileReference; lastKnownFileType = sourcecode.swift; path = MeetingView.swift; sourceTree = "<group>"; };
		2454CB362A32DE1500D693A3 /* Assets.xcassets */ = {isa = PBXFileReference; lastKnownFileType = folder.assetcatalog; path = Assets.xcassets; sourceTree = "<group>"; };
		2454CB392A32DE1500D693A3 /* Preview Assets.xcassets */ = {isa = PBXFileReference; lastKnownFileType = folder.assetcatalog; path = "Preview Assets.xcassets"; sourceTree = "<group>"; };
		2454CB3F2A32DE1600D693A3 /* ScrumdingerTests.xctest */ = {isa = PBXFileReference; explicitFileType = wrapper.cfbundle; includeInIndex = 0; path = ScrumdingerTests.xctest; sourceTree = BUILT_PRODUCTS_DIR; };
		2454CB432A32DE1600D693A3 /* ScrumdingerTests.swift */ = {isa = PBXFileReference; lastKnownFileType = sourcecode.swift; path = ScrumdingerTests.swift; sourceTree = "<group>"; };
		2454CB492A32DE1600D693A3 /* ScrumdingerUITests.xctest */ = {isa = PBXFileReference; explicitFileType = wrapper.cfbundle; includeInIndex = 0; path = ScrumdingerUITests.xctest; sourceTree = BUILT_PRODUCTS_DIR; };
		2454CB4D2A32DE1600D693A3 /* ScrumdingerUITests.swift */ = {isa = PBXFileReference; lastKnownFileType = sourcecode.swift; path = ScrumdingerUITests.swift; sourceTree = "<group>"; };
		2454CB4F2A32DE1600D693A3 /* ScrumdingerUITestsLaunchTests.swift */ = {isa = PBXFileReference; lastKnownFileType = sourcecode.swift; path = ScrumdingerUITestsLaunchTests.swift; sourceTree = "<group>"; };
		2454CB5D2A3825B300D693A3 /* Theme.swift */ = {isa = PBXFileReference; lastKnownFileType = sourcecode.swift; path = Theme.swift; sourceTree = "<group>"; };
		2454CB602A38268100D693A3 /* DailyScrum.swift */ = {isa = PBXFileReference; lastKnownFileType = sourcecode.swift; path = DailyScrum.swift; sourceTree = "<group>"; };
		2454CB622A39339000D693A3 /* CardView.swift */ = {isa = PBXFileReference; lastKnownFileType = sourcecode.swift; path = CardView.swift; sourceTree = "<group>"; };
		2454CB642A3949CA00D693A3 /* TrailingIconLabelStyle.swift */ = {isa = PBXFileReference; lastKnownFileType = sourcecode.swift; path = TrailingIconLabelStyle.swift; sourceTree = "<group>"; };
		2454CB662A394ED000D693A3 /* ScrumsView.swift */ = {isa = PBXFileReference; lastKnownFileType = sourcecode.swift; path = ScrumsView.swift; sourceTree = "<group>"; };
		2454CB692A3957A300D693A3 /* DetailView.swift */ = {isa = PBXFileReference; lastKnownFileType = sourcecode.swift; path = DetailView.swift; sourceTree = "<group>"; };
		2454CB6B2A39759400D693A3 /* DetailEditView.swift */ = {isa = PBXFileReference; lastKnownFileType = sourcecode.swift; path = DetailEditView.swift; sourceTree = "<group>"; };
		2454CB6D2A39888000D693A3 /* ThemeView.swift */ = {isa = PBXFileReference; lastKnownFileType = sourcecode.swift; path = ThemeView.swift; sourceTree = "<group>"; };
		2454CB6F2A398A8D00D693A3 /* ThemePicker.swift */ = {isa = PBXFileReference; lastKnownFileType = sourcecode.swift; path = ThemePicker.swift; sourceTree = "<group>"; };
		2454CB712A3A8AEC00D693A3 /* MeetingHeaderView.swift */ = {isa = PBXFileReference; lastKnownFileType = sourcecode.swift; path = MeetingHeaderView.swift; sourceTree = "<group>"; };
		2454CB732A3A8F0C00D693A3 /* ScrumProgressViewStyle.swift */ = {isa = PBXFileReference; lastKnownFileType = sourcecode.swift; path = ScrumProgressViewStyle.swift; sourceTree = "<group>"; };
		2454CB752A3A968300D693A3 /* ScrumTimer.swift */ = {isa = PBXFileReference; lastKnownFileType = sourcecode.swift; path = ScrumTimer.swift; sourceTree = "<group>"; };
		2454CB782A3BE9AD00D693A3 /* MeetingFooterView.swift */ = {isa = PBXFileReference; lastKnownFileType = sourcecode.swift; path = MeetingFooterView.swift; sourceTree = "<group>"; };
		2454CB7B2A3FC85700D693A3 /* ding.wav */ = {isa = PBXFileReference; lastKnownFileType = audio.wav; path = ding.wav; sourceTree = "<group>"; };
		2454CB7D2A3FC88100D693A3 /* AVPlayer+Ding.swift */ = {isa = PBXFileReference; lastKnownFileType = sourcecode.swift; path = "AVPlayer+Ding.swift"; sourceTree = "<group>"; };
		2454CB7F2A3FD95A00D693A3 /* NewScrumSheet.swift */ = {isa = PBXFileReference; lastKnownFileType = sourcecode.swift; path = NewScrumSheet.swift; sourceTree = "<group>"; };
		2454CB812A3FDC3900D693A3 /* History.swift */ = {isa = PBXFileReference; lastKnownFileType = sourcecode.swift; path = History.swift; sourceTree = "<group>"; };
		2454CB832A3FEB4A00D693A3 /* ScrumStore.swift */ = {isa = PBXFileReference; lastKnownFileType = sourcecode.swift; path = ScrumStore.swift; sourceTree = "<group>"; };
		2454CB852A3FF4D600D693A3 /* ErrorWrapper.swift */ = {isa = PBXFileReference; lastKnownFileType = sourcecode.swift; path = ErrorWrapper.swift; sourceTree = "<group>"; };
		2454CB872A3FF5DE00D693A3 /* ErrorView.swift */ = {isa = PBXFileReference; lastKnownFileType = sourcecode.swift; path = ErrorView.swift; sourceTree = "<group>"; };
		2454CB892A400E7300D693A3 /* MeetingTimerView.swift */ = {isa = PBXFileReference; lastKnownFileType = sourcecode.swift; path = MeetingTimerView.swift; sourceTree = "<group>"; };
		2454CB8B2A4010F500D693A3 /* SpeakerArc.swift */ = {isa = PBXFileReference; lastKnownFileType = sourcecode.swift; path = SpeakerArc.swift; sourceTree = "<group>"; };
		24A6EB532A401F2E00FA20CF /* SpeechRecognizer.swift */ = {isa = PBXFileReference; lastKnownFileType = sourcecode.swift; path = SpeechRecognizer.swift; sourceTree = "<group>"; };
		24A6EB552A4168F200FA20CF /* HistoryView.swift */ = {isa = PBXFileReference; lastKnownFileType = sourcecode.swift; path = HistoryView.swift; sourceTree = "<group>"; };
/* End PBXFileReference section */

/* Begin PBXFrameworksBuildPhase section */
		2454CB2C2A32DE1400D693A3 /* Frameworks */ = {
			isa = PBXFrameworksBuildPhase;
			buildActionMask = 2147483647;
			files = (
			);
			runOnlyForDeploymentPostprocessing = 0;
		};
		2454CB3C2A32DE1600D693A3 /* Frameworks */ = {
			isa = PBXFrameworksBuildPhase;
			buildActionMask = 2147483647;
			files = (
			);
			runOnlyForDeploymentPostprocessing = 0;
		};
		2454CB462A32DE1600D693A3 /* Frameworks */ = {
			isa = PBXFrameworksBuildPhase;
			buildActionMask = 2147483647;
			files = (
			);
			runOnlyForDeploymentPostprocessing = 0;
		};
/* End PBXFrameworksBuildPhase section */

/* Begin PBXGroup section */
		2454CB262A32DE1400D693A3 = {
			isa = PBXGroup;
			children = (
				2454CB312A32DE1400D693A3 /* Scrumdinger */,
				2454CB422A32DE1600D693A3 /* ScrumdingerTests */,
				2454CB4C2A32DE1600D693A3 /* ScrumdingerUITests */,
				2454CB302A32DE1400D693A3 /* Products */,
			);
			sourceTree = "<group>";
		};
		2454CB302A32DE1400D693A3 /* Products */ = {
			isa = PBXGroup;
			children = (
				2454CB2F2A32DE1400D693A3 /* Scrumdinger.app */,
				2454CB3F2A32DE1600D693A3 /* ScrumdingerTests.xctest */,
				2454CB492A32DE1600D693A3 /* ScrumdingerUITests.xctest */,
			);
			name = Products;
			sourceTree = "<group>";
		};
		2454CB312A32DE1400D693A3 /* Scrumdinger */ = {
			isa = PBXGroup;
			children = (
				2454CB7A2A3FC81E00D693A3 /* Resources */,
				2454CB682A39576900D693A3 /* Views */,
				2454CB5C2A38258F00D693A3 /* Models */,
				2454CB662A394ED000D693A3 /* ScrumsView.swift */,
				2454CB322A32DE1400D693A3 /* ScrumdingerApp.swift */,
				2454CB362A32DE1500D693A3 /* Assets.xcassets */,
				2454CB382A32DE1500D693A3 /* Preview Content */,
			);
			path = Scrumdinger;
			sourceTree = "<group>";
		};
		2454CB382A32DE1500D693A3 /* Preview Content */ = {
			isa = PBXGroup;
			children = (
				2454CB392A32DE1500D693A3 /* Preview Assets.xcassets */,
			);
			path = "Preview Content";
			sourceTree = "<group>";
		};
		2454CB422A32DE1600D693A3 /* ScrumdingerTests */ = {
			isa = PBXGroup;
			children = (
				2454CB432A32DE1600D693A3 /* ScrumdingerTests.swift */,
			);
			path = ScrumdingerTests;
			sourceTree = "<group>";
		};
		2454CB4C2A32DE1600D693A3 /* ScrumdingerUITests */ = {
			isa = PBXGroup;
			children = (
				2454CB4D2A32DE1600D693A3 /* ScrumdingerUITests.swift */,
				2454CB4F2A32DE1600D693A3 /* ScrumdingerUITestsLaunchTests.swift */,
			);
			path = ScrumdingerUITests;
			sourceTree = "<group>";
		};
		2454CB5C2A38258F00D693A3 /* Models */ = {
			isa = PBXGroup;
			children = (
				2454CB5D2A3825B300D693A3 /* Theme.swift */,
				2454CB602A38268100D693A3 /* DailyScrum.swift */,
				2454CB752A3A968300D693A3 /* ScrumTimer.swift */,
				2454CB7D2A3FC88100D693A3 /* AVPlayer+Ding.swift */,
				2454CB812A3FDC3900D693A3 /* History.swift */,
				2454CB832A3FEB4A00D693A3 /* ScrumStore.swift */,
				2454CB852A3FF4D600D693A3 /* ErrorWrapper.swift */,
				24A6EB532A401F2E00FA20CF /* SpeechRecognizer.swift */,
			);
			path = Models;
			sourceTree = "<group>";
		};
		2454CB682A39576900D693A3 /* Views */ = {
			isa = PBXGroup;
			children = (
				2454CB772A3BE98800D693A3 /* MeetingView */,
				2454CB642A3949CA00D693A3 /* TrailingIconLabelStyle.swift */,
				2454CB732A3A8F0C00D693A3 /* ScrumProgressViewStyle.swift */,
				2454CB622A39339000D693A3 /* CardView.swift */,
				2454CB692A3957A300D693A3 /* DetailView.swift */,
				2454CB6B2A39759400D693A3 /* DetailEditView.swift */,
				2454CB6D2A39888000D693A3 /* ThemeView.swift */,
				2454CB6F2A398A8D00D693A3 /* ThemePicker.swift */,
				2454CB7F2A3FD95A00D693A3 /* NewScrumSheet.swift */,
				2454CB872A3FF5DE00D693A3 /* ErrorView.swift */,
				2454CB8B2A4010F500D693A3 /* SpeakerArc.swift */,
				24A6EB552A4168F200FA20CF /* HistoryView.swift */,
			);
			path = Views;
			sourceTree = "<group>";
		};
		2454CB772A3BE98800D693A3 /* MeetingView */ = {
			isa = PBXGroup;
			children = (
				2454CB342A32DE1400D693A3 /* MeetingView.swift */,
				2454CB712A3A8AEC00D693A3 /* MeetingHeaderView.swift */,
				2454CB782A3BE9AD00D693A3 /* MeetingFooterView.swift */,
				2454CB892A400E7300D693A3 /* MeetingTimerView.swift */,
			);
			path = MeetingView;
			sourceTree = "<group>";
		};
		2454CB7A2A3FC81E00D693A3 /* Resources */ = {
			isa = PBXGroup;
			children = (
				2454CB7B2A3FC85700D693A3 /* ding.wav */,
			);
			path = Resources;
			sourceTree = "<group>";
		};
/* End PBXGroup section */

/* Begin PBXNativeTarget section */
		2454CB2E2A32DE1400D693A3 /* Scrumdinger */ = {
			isa = PBXNativeTarget;
			buildConfigurationList = 2454CB532A32DE1600D693A3 /* Build configuration list for PBXNativeTarget "Scrumdinger" */;
			buildPhases = (
				2454CB2B2A32DE1400D693A3 /* Sources */,
				2454CB2C2A32DE1400D693A3 /* Frameworks */,
				2454CB2D2A32DE1400D693A3 /* Resources */,
			);
			buildRules = (
			);
			dependencies = (
			);
			name = Scrumdinger;
			productName = Scrumdinger;
			productReference = 2454CB2F2A32DE1400D693A3 /* Scrumdinger.app */;
			productType = "com.apple.product-type.application";
		};
		2454CB3E2A32DE1600D693A3 /* ScrumdingerTests */ = {
			isa = PBXNativeTarget;
			buildConfigurationList = 2454CB562A32DE1600D693A3 /* Build configuration list for PBXNativeTarget "ScrumdingerTests" */;
			buildPhases = (
				2454CB3B2A32DE1600D693A3 /* Sources */,
				2454CB3C2A32DE1600D693A3 /* Frameworks */,
				2454CB3D2A32DE1600D693A3 /* Resources */,
			);
			buildRules = (
			);
			dependencies = (
				2454CB412A32DE1600D693A3 /* PBXTargetDependency */,
			);
			name = ScrumdingerTests;
			productName = ScrumdingerTests;
			productReference = 2454CB3F2A32DE1600D693A3 /* ScrumdingerTests.xctest */;
			productType = "com.apple.product-type.bundle.unit-test";
		};
		2454CB482A32DE1600D693A3 /* ScrumdingerUITests */ = {
			isa = PBXNativeTarget;
			buildConfigurationList = 2454CB592A32DE1600D693A3 /* Build configuration list for PBXNativeTarget "ScrumdingerUITests" */;
			buildPhases = (
				2454CB452A32DE1600D693A3 /* Sources */,
				2454CB462A32DE1600D693A3 /* Frameworks */,
				2454CB472A32DE1600D693A3 /* Resources */,
			);
			buildRules = (
			);
			dependencies = (
				2454CB4B2A32DE1600D693A3 /* PBXTargetDependency */,
			);
			name = ScrumdingerUITests;
			productName = ScrumdingerUITests;
			productReference = 2454CB492A32DE1600D693A3 /* ScrumdingerUITests.xctest */;
			productType = "com.apple.product-type.bundle.ui-testing";
		};
/* End PBXNativeTarget section */

/* Begin PBXProject section */
		2454CB272A32DE1400D693A3 /* Project object */ = {
			isa = PBXProject;
			attributes = {
				BuildIndependentTargetsInParallel = 1;
				LastSwiftUpdateCheck = 1430;
				LastUpgradeCheck = 1430;
				TargetAttributes = {
					2454CB2E2A32DE1400D693A3 = {
						CreatedOnToolsVersion = 14.3.1;
					};
					2454CB3E2A32DE1600D693A3 = {
						CreatedOnToolsVersion = 14.3.1;
						TestTargetID = 2454CB2E2A32DE1400D693A3;
					};
					2454CB482A32DE1600D693A3 = {
						CreatedOnToolsVersion = 14.3.1;
						TestTargetID = 2454CB2E2A32DE1400D693A3;
					};
				};
			};
			buildConfigurationList = 2454CB2A2A32DE1400D693A3 /* Build configuration list for PBXProject "Scrumdinger" */;
			compatibilityVersion = "Xcode 14.0";
			developmentRegion = en;
			hasScannedForEncodings = 0;
			knownRegions = (
				en,
				Base,
			);
			mainGroup = 2454CB262A32DE1400D693A3;
			productRefGroup = 2454CB302A32DE1400D693A3 /* Products */;
			projectDirPath = "";
			projectRoot = "";
			targets = (
				2454CB2E2A32DE1400D693A3 /* Scrumdinger */,
				2454CB3E2A32DE1600D693A3 /* ScrumdingerTests */,
				2454CB482A32DE1600D693A3 /* ScrumdingerUITests */,
			);
		};
/* End PBXProject section */

/* Begin PBXResourcesBuildPhase section */
		2454CB2D2A32DE1400D693A3 /* Resources */ = {
			isa = PBXResourcesBuildPhase;
			buildActionMask = 2147483647;
			files = (
				2454CB7C2A3FC85700D693A3 /* ding.wav in Resources */,
				2454CB3A2A32DE1500D693A3 /* Preview Assets.xcassets in Resources */,
				2454CB372A32DE1500D693A3 /* Assets.xcassets in Resources */,
			);
			runOnlyForDeploymentPostprocessing = 0;
		};
		2454CB3D2A32DE1600D693A3 /* Resources */ = {
			isa = PBXResourcesBuildPhase;
			buildActionMask = 2147483647;
			files = (
			);
			runOnlyForDeploymentPostprocessing = 0;
		};
		2454CB472A32DE1600D693A3 /* Resources */ = {
			isa = PBXResourcesBuildPhase;
			buildActionMask = 2147483647;
			files = (
			);
			runOnlyForDeploymentPostprocessing = 0;
		};
/* End PBXResourcesBuildPhase section */

/* Begin PBXSourcesBuildPhase section */
		2454CB2B2A32DE1400D693A3 /* Sources */ = {
			isa = PBXSourcesBuildPhase;
			buildActionMask = 2147483647;
			files = (
				2454CB822A3FDC3900D693A3 /* History.swift in Sources */,
				2454CB702A398A8D00D693A3 /* ThemePicker.swift in Sources */,
				2454CB742A3A8F0C00D693A3 /* ScrumProgressViewStyle.swift in Sources */,
				2454CB792A3BE9AD00D693A3 /* MeetingFooterView.swift in Sources */,
				2454CB8C2A4010F500D693A3 /* SpeakerArc.swift in Sources */,
				2454CB882A3FF5DE00D693A3 /* ErrorView.swift in Sources */,
				2454CB762A3A968300D693A3 /* ScrumTimer.swift in Sources */,
				24A6EB562A4168F200FA20CF /* HistoryView.swift in Sources */,
				2454CB8A2A400E7300D693A3 /* MeetingTimerView.swift in Sources */,
				2454CB612A38268100D693A3 /* DailyScrum.swift in Sources */,
				2454CB842A3FEB4A00D693A3 /* ScrumStore.swift in Sources */,
				2454CB6A2A3957A300D693A3 /* DetailView.swift in Sources */,
				2454CB862A3FF4D600D693A3 /* ErrorWrapper.swift in Sources */,
				2454CB722A3A8AEC00D693A3 /* MeetingHeaderView.swift in Sources */,
				2454CB6C2A39759400D693A3 /* DetailEditView.swift in Sources */,
				2454CB802A3FD95A00D693A3 /* NewScrumSheet.swift in Sources */,
				2454CB652A3949CA00D693A3 /* TrailingIconLabelStyle.swift in Sources */,
				2454CB5E2A3825B300D693A3 /* Theme.swift in Sources */,
				24A6EB542A401F2E00FA20CF /* SpeechRecognizer.swift in Sources */,
				2454CB672A394ED000D693A3 /* ScrumsView.swift in Sources */,
				2454CB352A32DE1400D693A3 /* MeetingView.swift in Sources */,
				2454CB332A32DE1400D693A3 /* ScrumdingerApp.swift in Sources */,
				2454CB6E2A39888000D693A3 /* ThemeView.swift in Sources */,
				2454CB632A39339000D693A3 /* CardView.swift in Sources */,
				2454CB7E2A3FC88100D693A3 /* AVPlayer+Ding.swift in Sources */,
			);
			runOnlyForDeploymentPostprocessing = 0;
		};
		2454CB3B2A32DE1600D693A3 /* Sources */ = {
			isa = PBXSourcesBuildPhase;
			buildActionMask = 2147483647;
			files = (
				2454CB442A32DE1600D693A3 /* ScrumdingerTests.swift in Sources */,
			);
			runOnlyForDeploymentPostprocessing = 0;
		};
		2454CB452A32DE1600D693A3 /* Sources */ = {
			isa = PBXSourcesBuildPhase;
			buildActionMask = 2147483647;
			files = (
				2454CB502A32DE1600D693A3 /* ScrumdingerUITestsLaunchTests.swift in Sources */,
				2454CB4E2A32DE1600D693A3 /* ScrumdingerUITests.swift in Sources */,
			);
			runOnlyForDeploymentPostprocessing = 0;
		};
/* End PBXSourcesBuildPhase section */

/* Begin PBXTargetDependency section */
		2454CB412A32DE1600D693A3 /* PBXTargetDependency */ = {
			isa = PBXTargetDependency;
			target = 2454CB2E2A32DE1400D693A3 /* Scrumdinger */;
			targetProxy = 2454CB402A32DE1600D693A3 /* PBXContainerItemProxy */;
		};
		2454CB4B2A32DE1600D693A3 /* PBXTargetDependency */ = {
			isa = PBXTargetDependency;
			target = 2454CB2E2A32DE1400D693A3 /* Scrumdinger */;
			targetProxy = 2454CB4A2A32DE1600D693A3 /* PBXContainerItemProxy */;
		};
/* End PBXTargetDependency section */

/* Begin XCBuildConfiguration section */
		2454CB512A32DE1600D693A3 /* Debug */ = {
			isa = XCBuildConfiguration;
			buildSettings = {
				ALWAYS_SEARCH_USER_PATHS = NO;
				CLANG_ANALYZER_NONNULL = YES;
				CLANG_ANALYZER_NUMBER_OBJECT_CONVERSION = YES_AGGRESSIVE;
				CLANG_CXX_LANGUAGE_STANDARD = "gnu++20";
				CLANG_ENABLE_MODULES = YES;
				CLANG_ENABLE_OBJC_ARC = YES;
				CLANG_ENABLE_OBJC_WEAK = YES;
				CLANG_WARN_BLOCK_CAPTURE_AUTORELEASING = YES;
				CLANG_WARN_BOOL_CONVERSION = YES;
				CLANG_WARN_COMMA = YES;
				CLANG_WARN_CONSTANT_CONVERSION = YES;
				CLANG_WARN_DEPRECATED_OBJC_IMPLEMENTATIONS = YES;
				CLANG_WARN_DIRECT_OBJC_ISA_USAGE = YES_ERROR;
				CLANG_WARN_DOCUMENTATION_COMMENTS = YES;
				CLANG_WARN_EMPTY_BODY = YES;
				CLANG_WARN_ENUM_CONVERSION = YES;
				CLANG_WARN_INFINITE_RECURSION = YES;
				CLANG_WARN_INT_CONVERSION = YES;
				CLANG_WARN_NON_LITERAL_NULL_CONVERSION = YES;
				CLANG_WARN_OBJC_IMPLICIT_RETAIN_SELF = YES;
				CLANG_WARN_OBJC_LITERAL_CONVERSION = YES;
				CLANG_WARN_OBJC_ROOT_CLASS = YES_ERROR;
				CLANG_WARN_QUOTED_INCLUDE_IN_FRAMEWORK_HEADER = YES;
				CLANG_WARN_RANGE_LOOP_ANALYSIS = YES;
				CLANG_WARN_STRICT_PROTOTYPES = YES;
				CLANG_WARN_SUSPICIOUS_MOVE = YES;
				CLANG_WARN_UNGUARDED_AVAILABILITY = YES_AGGRESSIVE;
				CLANG_WARN_UNREACHABLE_CODE = YES;
				CLANG_WARN__DUPLICATE_METHOD_MATCH = YES;
				COPY_PHASE_STRIP = NO;
				DEBUG_INFORMATION_FORMAT = dwarf;
				ENABLE_STRICT_OBJC_MSGSEND = YES;
				ENABLE_TESTABILITY = YES;
				GCC_C_LANGUAGE_STANDARD = gnu11;
				GCC_DYNAMIC_NO_PIC = NO;
				GCC_NO_COMMON_BLOCKS = YES;
				GCC_OPTIMIZATION_LEVEL = 0;
				GCC_PREPROCESSOR_DEFINITIONS = (
					"DEBUG=1",
					"$(inherited)",
				);
				GCC_WARN_64_TO_32_BIT_CONVERSION = YES;
				GCC_WARN_ABOUT_RETURN_TYPE = YES_ERROR;
				GCC_WARN_UNDECLARED_SELECTOR = YES;
				GCC_WARN_UNINITIALIZED_AUTOS = YES_AGGRESSIVE;
				GCC_WARN_UNUSED_FUNCTION = YES;
				GCC_WARN_UNUSED_VARIABLE = YES;
				IPHONEOS_DEPLOYMENT_TARGET = 16.4;
				MTL_ENABLE_DEBUG_INFO = INCLUDE_SOURCE;
				MTL_FAST_MATH = YES;
				ONLY_ACTIVE_ARCH = YES;
				SDKROOT = iphoneos;
				SWIFT_ACTIVE_COMPILATION_CONDITIONS = DEBUG;
				SWIFT_OPTIMIZATION_LEVEL = "-Onone";
			};
			name = Debug;
		};
		2454CB522A32DE1600D693A3 /* Release */ = {
			isa = XCBuildConfiguration;
			buildSettings = {
				ALWAYS_SEARCH_USER_PATHS = NO;
				CLANG_ANALYZER_NONNULL = YES;
				CLANG_ANALYZER_NUMBER_OBJECT_CONVERSION = YES_AGGRESSIVE;
				CLANG_CXX_LANGUAGE_STANDARD = "gnu++20";
				CLANG_ENABLE_MODULES = YES;
				CLANG_ENABLE_OBJC_ARC = YES;
				CLANG_ENABLE_OBJC_WEAK = YES;
				CLANG_WARN_BLOCK_CAPTURE_AUTORELEASING = YES;
				CLANG_WARN_BOOL_CONVERSION = YES;
				CLANG_WARN_COMMA = YES;
				CLANG_WARN_CONSTANT_CONVERSION = YES;
				CLANG_WARN_DEPRECATED_OBJC_IMPLEMENTATIONS = YES;
				CLANG_WARN_DIRECT_OBJC_ISA_USAGE = YES_ERROR;
				CLANG_WARN_DOCUMENTATION_COMMENTS = YES;
				CLANG_WARN_EMPTY_BODY = YES;
				CLANG_WARN_ENUM_CONVERSION = YES;
				CLANG_WARN_INFINITE_RECURSION = YES;
				CLANG_WARN_INT_CONVERSION = YES;
				CLANG_WARN_NON_LITERAL_NULL_CONVERSION = YES;
				CLANG_WARN_OBJC_IMPLICIT_RETAIN_SELF = YES;
				CLANG_WARN_OBJC_LITERAL_CONVERSION = YES;
				CLANG_WARN_OBJC_ROOT_CLASS = YES_ERROR;
				CLANG_WARN_QUOTED_INCLUDE_IN_FRAMEWORK_HEADER = YES;
				CLANG_WARN_RANGE_LOOP_ANALYSIS = YES;
				CLANG_WARN_STRICT_PROTOTYPES = YES;
				CLANG_WARN_SUSPICIOUS_MOVE = YES;
				CLANG_WARN_UNGUARDED_AVAILABILITY = YES_AGGRESSIVE;
				CLANG_WARN_UNREACHABLE_CODE = YES;
				CLANG_WARN__DUPLICATE_METHOD_MATCH = YES;
				COPY_PHASE_STRIP = NO;
				DEBUG_INFORMATION_FORMAT = "dwarf-with-dsym";
				ENABLE_NS_ASSERTIONS = NO;
				ENABLE_STRICT_OBJC_MSGSEND = YES;
				GCC_C_LANGUAGE_STANDARD = gnu11;
				GCC_NO_COMMON_BLOCKS = YES;
				GCC_WARN_64_TO_32_BIT_CONVERSION = YES;
				GCC_WARN_ABOUT_RETURN_TYPE = YES_ERROR;
				GCC_WARN_UNDECLARED_SELECTOR = YES;
				GCC_WARN_UNINITIALIZED_AUTOS = YES_AGGRESSIVE;
				GCC_WARN_UNUSED_FUNCTION = YES;
				GCC_WARN_UNUSED_VARIABLE = YES;
				IPHONEOS_DEPLOYMENT_TARGET = 16.4;
				MTL_ENABLE_DEBUG_INFO = NO;
				MTL_FAST_MATH = YES;
				SDKROOT = iphoneos;
				SWIFT_COMPILATION_MODE = wholemodule;
				SWIFT_OPTIMIZATION_LEVEL = "-O";
				VALIDATE_PRODUCT = YES;
			};
			name = Release;
		};
		2454CB542A32DE1600D693A3 /* Debug */ = {
			isa = XCBuildConfiguration;
			buildSettings = {
				ASSETCATALOG_COMPILER_APPICON_NAME = AppIcon;
				ASSETCATALOG_COMPILER_GLOBAL_ACCENT_COLOR_NAME = AccentColor;
				CODE_SIGN_STYLE = Automatic;
				CURRENT_PROJECT_VERSION = 1;
				DEVELOPMENT_ASSET_PATHS = "\"Scrumdinger/Preview Content\"";
				DEVELOPMENT_TEAM = 4BY63Y2JNP;
				ENABLE_PREVIEWS = YES;
				GENERATE_INFOPLIST_FILE = YES;
				INFOPLIST_KEY_NSMicrophoneUsageDescription = "Audio is recorded to transcribe the meeting. Audio recordings are discarded after transcription.";
				INFOPLIST_KEY_NSSpeechRecognitionUsageDescription = "You can view a text transcription of your meeting in the app.";
				INFOPLIST_KEY_UIApplicationSceneManifest_Generation = YES;
				INFOPLIST_KEY_UIApplicationSupportsIndirectInputEvents = YES;
				INFOPLIST_KEY_UILaunchScreen_Generation = YES;
				INFOPLIST_KEY_UISupportedInterfaceOrientations_iPad = "UIInterfaceOrientationPortrait UIInterfaceOrientationPortraitUpsideDown UIInterfaceOrientationLandscapeLeft UIInterfaceOrientationLandscapeRight";
				INFOPLIST_KEY_UISupportedInterfaceOrientations_iPhone = "UIInterfaceOrientationPortrait UIInterfaceOrientationLandscapeLeft UIInterfaceOrientationLandscapeRight";
				LD_RUNPATH_SEARCH_PATHS = (
					"$(inherited)",
					"@executable_path/Frameworks",
				);
				MARKETING_VERSION = 1.0;
				PRODUCT_BUNDLE_IDENTIFIER = com.usm.Scrumdinger;
				PRODUCT_NAME = "$(TARGET_NAME)";
				SWIFT_EMIT_LOC_STRINGS = YES;
				SWIFT_VERSION = 5.0;
				TARGETED_DEVICE_FAMILY = "1,2";
			};
			name = Debug;
		};
		2454CB552A32DE1600D693A3 /* Release */ = {
			isa = XCBuildConfiguration;
			buildSettings = {
				ASSETCATALOG_COMPILER_APPICON_NAME = AppIcon;
				ASSETCATALOG_COMPILER_GLOBAL_ACCENT_COLOR_NAME = AccentColor;
				CODE_SIGN_STYLE = Automatic;
				CURRENT_PROJECT_VERSION = 1;
				DEVELOPMENT_ASSET_PATHS = "\"Scrumdinger/Preview Content\"";
				DEVELOPMENT_TEAM = 4BY63Y2JNP;
				ENABLE_PREVIEWS = YES;
				GENERATE_INFOPLIST_FILE = YES;
				INFOPLIST_KEY_NSMicrophoneUsageDescription = "Audio is recorded to transcribe the meeting. Audio recordings are discarded after transcription.";
				INFOPLIST_KEY_NSSpeechRecognitionUsageDescription = "You can view a text transcription of your meeting in the app.";
				INFOPLIST_KEY_UIApplicationSceneManifest_Generation = YES;
				INFOPLIST_KEY_UIApplicationSupportsIndirectInputEvents = YES;
				INFOPLIST_KEY_UILaunchScreen_Generation = YES;
				INFOPLIST_KEY_UISupportedInterfaceOrientations_iPad = "UIInterfaceOrientationPortrait UIInterfaceOrientationPortraitUpsideDown UIInterfaceOrientationLandscapeLeft UIInterfaceOrientationLandscapeRight";
				INFOPLIST_KEY_UISupportedInterfaceOrientations_iPhone = "UIInterfaceOrientationPortrait UIInterfaceOrientationLandscapeLeft UIInterfaceOrientationLandscapeRight";
				LD_RUNPATH_SEARCH_PATHS = (
					"$(inherited)",
					"@executable_path/Frameworks",
				);
				MARKETING_VERSION = 1.0;
				PRODUCT_BUNDLE_IDENTIFIER = com.usm.Scrumdinger;
				PRODUCT_NAME = "$(TARGET_NAME)";
				SWIFT_EMIT_LOC_STRINGS = YES;
				SWIFT_VERSION = 5.0;
				TARGETED_DEVICE_FAMILY = "1,2";
			};
			name = Release;
		};
		2454CB572A32DE1600D693A3 /* Debug */ = {
			isa = XCBuildConfiguration;
			buildSettings = {
				ALWAYS_EMBED_SWIFT_STANDARD_LIBRARIES = YES;
				BUNDLE_LOADER = "$(TEST_HOST)";
				CODE_SIGN_STYLE = Automatic;
				CURRENT_PROJECT_VERSION = 1;
				GENERATE_INFOPLIST_FILE = YES;
				IPHONEOS_DEPLOYMENT_TARGET = 16.4;
				MARKETING_VERSION = 1.0;
				PRODUCT_BUNDLE_IDENTIFIER = com.usm.ScrumdingerTests;
				PRODUCT_NAME = "$(TARGET_NAME)";
				SWIFT_EMIT_LOC_STRINGS = NO;
				SWIFT_VERSION = 5.0;
				TARGETED_DEVICE_FAMILY = "1,2";
				TEST_HOST = "$(BUILT_PRODUCTS_DIR)/Scrumdinger.app/$(BUNDLE_EXECUTABLE_FOLDER_PATH)/Scrumdinger";
			};
			name = Debug;
		};
		2454CB582A32DE1600D693A3 /* Release */ = {
			isa = XCBuildConfiguration;
			buildSettings = {
				ALWAYS_EMBED_SWIFT_STANDARD_LIBRARIES = YES;
				BUNDLE_LOADER = "$(TEST_HOST)";
				CODE_SIGN_STYLE = Automatic;
				CURRENT_PROJECT_VERSION = 1;
				GENERATE_INFOPLIST_FILE = YES;
				IPHONEOS_DEPLOYMENT_TARGET = 16.4;
				MARKETING_VERSION = 1.0;
				PRODUCT_BUNDLE_IDENTIFIER = com.usm.ScrumdingerTests;
				PRODUCT_NAME = "$(TARGET_NAME)";
				SWIFT_EMIT_LOC_STRINGS = NO;
				SWIFT_VERSION = 5.0;
				TARGETED_DEVICE_FAMILY = "1,2";
				TEST_HOST = "$(BUILT_PRODUCTS_DIR)/Scrumdinger.app/$(BUNDLE_EXECUTABLE_FOLDER_PATH)/Scrumdinger";
			};
			name = Release;
		};
		2454CB5A2A32DE1600D693A3 /* Debug */ = {
			isa = XCBuildConfiguration;
			buildSettings = {
				ALWAYS_EMBED_SWIFT_STANDARD_LIBRARIES = YES;
				CODE_SIGN_STYLE = Automatic;
				CURRENT_PROJECT_VERSION = 1;
				GENERATE_INFOPLIST_FILE = YES;
				MARKETING_VERSION = 1.0;
				PRODUCT_BUNDLE_IDENTIFIER = com.usm.ScrumdingerUITests;
				PRODUCT_NAME = "$(TARGET_NAME)";
				SWIFT_EMIT_LOC_STRINGS = NO;
				SWIFT_VERSION = 5.0;
				TARGETED_DEVICE_FAMILY = "1,2";
				TEST_TARGET_NAME = Scrumdinger;
			};
			name = Debug;
		};
		2454CB5B2A32DE1600D693A3 /* Release */ = {
			isa = XCBuildConfiguration;
			buildSettings = {
				ALWAYS_EMBED_SWIFT_STANDARD_LIBRARIES = YES;
				CODE_SIGN_STYLE = Automatic;
				CURRENT_PROJECT_VERSION = 1;
				GENERATE_INFOPLIST_FILE = YES;
				MARKETING_VERSION = 1.0;
				PRODUCT_BUNDLE_IDENTIFIER = com.usm.ScrumdingerUITests;
				PRODUCT_NAME = "$(TARGET_NAME)";
				SWIFT_EMIT_LOC_STRINGS = NO;
				SWIFT_VERSION = 5.0;
				TARGETED_DEVICE_FAMILY = "1,2";
				TEST_TARGET_NAME = Scrumdinger;
			};
			name = Release;
		};
/* End XCBuildConfiguration section */

/* Begin XCConfigurationList section */
		2454CB2A2A32DE1400D693A3 /* Build configuration list for PBXProject "Scrumdinger" */ = {
			isa = XCConfigurationList;
			buildConfigurations = (
				2454CB512A32DE1600D693A3 /* Debug */,
				2454CB522A32DE1600D693A3 /* Release */,
			);
			defaultConfigurationIsVisible = 0;
			defaultConfigurationName = Release;
		};
		2454CB532A32DE1600D693A3 /* Build configuration list for PBXNativeTarget "Scrumdinger" */ = {
			isa = XCConfigurationList;
			buildConfigurations = (
				2454CB542A32DE1600D693A3 /* Debug */,
				2454CB552A32DE1600D693A3 /* Release */,
			);
			defaultConfigurationIsVisible = 0;
			defaultConfigurationName = Release;
		};
		2454CB562A32DE1600D693A3 /* Build configuration list for PBXNativeTarget "ScrumdingerTests" */ = {
			isa = XCConfigurationList;
			buildConfigurations = (
				2454CB572A32DE1600D693A3 /* Debug */,
				2454CB582A32DE1600D693A3 /* Release */,
			);
			defaultConfigurationIsVisible = 0;
			defaultConfigurationName = Release;
		};
		2454CB592A32DE1600D693A3 /* Build configuration list for PBXNativeTarget "ScrumdingerUITests" */ = {
			isa = XCConfigurationList;
			buildConfigurations = (
				2454CB5A2A32DE1600D693A3 /* Debug */,
				2454CB5B2A32DE1600D693A3 /* Release */,
			);
			defaultConfigurationIsVisible = 0;
			defaultConfigurationName = Release;
		};
/* End XCConfigurationList section */
	};
	rootObject = 2454CB272A32DE1400D693A3 /* Project object */;
}
